// !$*UTF8*$!
{
	archiveVersion = 1;
	classes = {
	};
	objectVersion = 46;
	objects = {

/* Begin PBXBuildFile section */
		F490B8C217C3D85900A8BA84 /* UIKit.framework in Frameworks */ = {isa = PBXBuildFile; fileRef = F490B8C117C3D85900A8BA84 /* UIKit.framework */; };
		F490B8C417C3D85900A8BA84 /* Foundation.framework in Frameworks */ = {isa = PBXBuildFile; fileRef = F490B8C317C3D85900A8BA84 /* Foundation.framework */; };
		F490B8C617C3D85900A8BA84 /* CoreGraphics.framework in Frameworks */ = {isa = PBXBuildFile; fileRef = F490B8C517C3D85900A8BA84 /* CoreGraphics.framework */; };
		F490B8CC17C3D85900A8BA84 /* InfoPlist.strings in Resources */ = {isa = PBXBuildFile; fileRef = F490B8CA17C3D85900A8BA84 /* InfoPlist.strings */; };
		F490B8CE17C3D85900A8BA84 /* main.m in Sources */ = {isa = PBXBuildFile; fileRef = F490B8CD17C3D85900A8BA84 /* main.m */; };
		F490B8D217C3D85900A8BA84 /* FanAppDelegate.m in Sources */ = {isa = PBXBuildFile; fileRef = F490B8D117C3D85900A8BA84 /* FanAppDelegate.m */; };
		F490B8D417C3D85900A8BA84 /* Default.png in Resources */ = {isa = PBXBuildFile; fileRef = F490B8D317C3D85900A8BA84 /* Default.png */; };
		F490B8D617C3D85A00A8BA84 /* Default@2x.png in Resources */ = {isa = PBXBuildFile; fileRef = F490B8D517C3D85A00A8BA84 /* Default@2x.png */; };
		F490B8D817C3D85A00A8BA84 /* Default-568h@2x.png in Resources */ = {isa = PBXBuildFile; fileRef = F490B8D717C3D85A00A8BA84 /* Default-568h@2x.png */; };
		F490B8DB17C3D85A00A8BA84 /* MainStoryboard_iPhone.storyboard in Resources */ = {isa = PBXBuildFile; fileRef = F490B8D917C3D85A00A8BA84 /* MainStoryboard_iPhone.storyboard */; };
		F490B8DE17C3D85A00A8BA84 /* MainStoryboard_iPad.storyboard in Resources */ = {isa = PBXBuildFile; fileRef = F490B8DC17C3D85A00A8BA84 /* MainStoryboard_iPad.storyboard */; };
		F490B8E117C3D85A00A8BA84 /* FanViewController.m in Sources */ = {isa = PBXBuildFile; fileRef = F490B8E017C3D85A00A8BA84 /* FanViewController.m */; };
		F490B8E917C3D85A00A8BA84 /* SenTestingKit.framework in Frameworks */ = {isa = PBXBuildFile; fileRef = F490B8E817C3D85A00A8BA84 /* SenTestingKit.framework */; };
		F490B8EA17C3D85A00A8BA84 /* UIKit.framework in Frameworks */ = {isa = PBXBuildFile; fileRef = F490B8C117C3D85900A8BA84 /* UIKit.framework */; };
		F490B8EB17C3D85A00A8BA84 /* Foundation.framework in Frameworks */ = {isa = PBXBuildFile; fileRef = F490B8C317C3D85900A8BA84 /* Foundation.framework */; };
		F490B8F317C3D85A00A8BA84 /* InfoPlist.strings in Resources */ = {isa = PBXBuildFile; fileRef = F490B8F117C3D85A00A8BA84 /* InfoPlist.strings */; };
		F490B8F617C3D85A00A8BA84 /* iFanTests.m in Sources */ = {isa = PBXBuildFile; fileRef = F490B8F517C3D85A00A8BA84 /* iFanTests.m */; };
		F490B90017C3D86500A8BA84 /* QuartzCore.framework in Frameworks */ = {isa = PBXBuildFile; fileRef = F490B8FF17C3D86500A8BA84 /* QuartzCore.framework */; };
		F490B90217C3D86A00A8BA84 /* CoreImage.framework in Frameworks */ = {isa = PBXBuildFile; fileRef = F490B90117C3D86A00A8BA84 /* CoreImage.framework */; };
		F490B97017C3D96400A8BA84 /* NUIAppearance.m in Sources */ = {isa = PBXBuildFile; fileRef = F490B90617C3D96400A8BA84 /* NUIAppearance.m */; };
		F490B97117C3D96400A8BA84 /* NUIConverter.m in Sources */ = {isa = PBXBuildFile; fileRef = F490B90817C3D96400A8BA84 /* NUIConverter.m */; };
		F490B97217C3D96400A8BA84 /* NUIFileMonitor.m in Sources */ = {isa = PBXBuildFile; fileRef = F490B90A17C3D96400A8BA84 /* NUIFileMonitor.m */; };
		F490B97317C3D96400A8BA84 /* NUIGraphics.m in Sources */ = {isa = PBXBuildFile; fileRef = F490B90C17C3D96400A8BA84 /* NUIGraphics.m */; };
		F490B97417C3D96400A8BA84 /* NUIRenderer.m in Sources */ = {isa = PBXBuildFile; fileRef = F490B90E17C3D96400A8BA84 /* NUIRenderer.m */; };
		F490B97517C3D96400A8BA84 /* NUISettings.m in Sources */ = {isa = PBXBuildFile; fileRef = F490B91017C3D96400A8BA84 /* NUISettings.m */; };
		F490B97617C3D96400A8BA84 /* NUIStyleParser.m in Sources */ = {isa = PBXBuildFile; fileRef = F490B91217C3D96400A8BA84 /* NUIStyleParser.m */; };
		F490B97717C3D96400A8BA84 /* NUISwizzler.m in Sources */ = {isa = PBXBuildFile; fileRef = F490B91417C3D96400A8BA84 /* NUISwizzler.m */; };
		F490B97817C3D96400A8BA84 /* NUIUtilities.m in Sources */ = {isa = PBXBuildFile; fileRef = F490B91617C3D96400A8BA84 /* NUIUtilities.m */; };
		F490B97917C3D96400A8BA84 /* NUIBarButtonItemRenderer.m in Sources */ = {isa = PBXBuildFile; fileRef = F490B91917C3D96400A8BA84 /* NUIBarButtonItemRenderer.m */; };
		F490B97A17C3D96400A8BA84 /* NUIButtonRenderer.m in Sources */ = {isa = PBXBuildFile; fileRef = F490B91B17C3D96400A8BA84 /* NUIButtonRenderer.m */; };
		F490B97B17C3D96400A8BA84 /* NUIControlRenderer.m in Sources */ = {isa = PBXBuildFile; fileRef = F490B91D17C3D96400A8BA84 /* NUIControlRenderer.m */; };
		F490B97C17C3D96400A8BA84 /* NUILabelRenderer.m in Sources */ = {isa = PBXBuildFile; fileRef = F490B91F17C3D96400A8BA84 /* NUILabelRenderer.m */; };
		F490B97D17C3D96400A8BA84 /* NUINavigationBarRenderer.m in Sources */ = {isa = PBXBuildFile; fileRef = F490B92117C3D96400A8BA84 /* NUINavigationBarRenderer.m */; };
		F490B97E17C3D96400A8BA84 /* NUINavigationItemRenderer.m in Sources */ = {isa = PBXBuildFile; fileRef = F490B92317C3D96400A8BA84 /* NUINavigationItemRenderer.m */; };
		F490B97F17C3D96400A8BA84 /* NUIProgressViewRenderer.m in Sources */ = {isa = PBXBuildFile; fileRef = F490B92517C3D96400A8BA84 /* NUIProgressViewRenderer.m */; };
		F490B98017C3D96400A8BA84 /* NUISearchBarRenderer.m in Sources */ = {isa = PBXBuildFile; fileRef = F490B92717C3D96400A8BA84 /* NUISearchBarRenderer.m */; };
		F490B98117C3D96400A8BA84 /* NUISegmentedControlRenderer.m in Sources */ = {isa = PBXBuildFile; fileRef = F490B92917C3D96400A8BA84 /* NUISegmentedControlRenderer.m */; };
		F490B98217C3D96400A8BA84 /* NUISliderRenderer.m in Sources */ = {isa = PBXBuildFile; fileRef = F490B92B17C3D96400A8BA84 /* NUISliderRenderer.m */; };
		F490B98317C3D96400A8BA84 /* NUISwitchRenderer.m in Sources */ = {isa = PBXBuildFile; fileRef = F490B92D17C3D96400A8BA84 /* NUISwitchRenderer.m */; };
		F490B98417C3D96400A8BA84 /* NUITabBarItemRenderer.m in Sources */ = {isa = PBXBuildFile; fileRef = F490B92F17C3D96400A8BA84 /* NUITabBarItemRenderer.m */; };
		F490B98517C3D96400A8BA84 /* NUITabBarRenderer.m in Sources */ = {isa = PBXBuildFile; fileRef = F490B93117C3D96400A8BA84 /* NUITabBarRenderer.m */; };
		F490B98617C3D96400A8BA84 /* NUITableViewCellRenderer.m in Sources */ = {isa = PBXBuildFile; fileRef = F490B93317C3D96400A8BA84 /* NUITableViewCellRenderer.m */; };
		F490B98717C3D96400A8BA84 /* NUITableViewRenderer.m in Sources */ = {isa = PBXBuildFile; fileRef = F490B93517C3D96400A8BA84 /* NUITableViewRenderer.m */; };
		F490B98817C3D96400A8BA84 /* NUITextFieldRenderer.m in Sources */ = {isa = PBXBuildFile; fileRef = F490B93717C3D96400A8BA84 /* NUITextFieldRenderer.m */; };
		F490B98917C3D96400A8BA84 /* NUIToolbarRenderer.m in Sources */ = {isa = PBXBuildFile; fileRef = F490B93917C3D96400A8BA84 /* NUIToolbarRenderer.m */; };
		F490B98A17C3D96400A8BA84 /* NUIViewRenderer.m in Sources */ = {isa = PBXBuildFile; fileRef = F490B93B17C3D96400A8BA84 /* NUIViewRenderer.m */; };
		F490B98B17C3D96400A8BA84 /* NUIWindowRenderer.m in Sources */ = {isa = PBXBuildFile; fileRef = F490B93D17C3D96400A8BA84 /* NUIWindowRenderer.m */; };
		F490B98C17C3D96400A8BA84 /* NUIStyle.nss in Resources */ = {isa = PBXBuildFile; fileRef = F490B93E17C3D96400A8BA84 /* NUIStyle.nss */; };
		F490B98D17C3D96400A8BA84 /* NUIViewBackground.png in Resources */ = {isa = PBXBuildFile; fileRef = F490B94017C3D96400A8BA84 /* NUIViewBackground.png */; };
		F490B98E17C3D96400A8BA84 /* Blue.NUI.nss in Resources */ = {isa = PBXBuildFile; fileRef = F490B94217C3D96400A8BA84 /* Blue.NUI.nss */; };
		F490B98F17C3D96400A8BA84 /* Default.NUI.nss in Resources */ = {isa = PBXBuildFile; fileRef = F490B94317C3D96400A8BA84 /* Default.NUI.nss */; };
		F490B99017C3D96400A8BA84 /* Googolplex.NUI.nss in Resources */ = {isa = PBXBuildFile; fileRef = F490B94417C3D96400A8BA84 /* Googolplex.NUI.nss */; };
		F490B99117C3D96400A8BA84 /* Round.NUI.nss in Resources */ = {isa = PBXBuildFile; fileRef = F490B94517C3D96400A8BA84 /* Round.NUI.nss */; };
		F490B99217C3D96400A8BA84 /* Route.NUI.nss in Resources */ = {isa = PBXBuildFile; fileRef = F490B94617C3D96400A8BA84 /* Route.NUI.nss */; };
		F490B99317C3D96400A8BA84 /* SkyBlue.NUI.nss in Resources */ = {isa = PBXBuildFile; fileRef = F490B94717C3D96400A8BA84 /* SkyBlue.NUI.nss */; };
		F490B99417C3D96400A8BA84 /* Switchboard.NUI.nss in Resources */ = {isa = PBXBuildFile; fileRef = F490B94817C3D96400A8BA84 /* Switchboard.NUI.nss */; };
		F490B99517C3D96400A8BA84 /* UIBarButtonItem+NUI.m in Sources */ = {isa = PBXBuildFile; fileRef = F490B94B17C3D96400A8BA84 /* UIBarButtonItem+NUI.m */; };
		F490B99617C3D96400A8BA84 /* UIButton+NUI.m in Sources */ = {isa = PBXBuildFile; fileRef = F490B94D17C3D96400A8BA84 /* UIButton+NUI.m */; };
		F490B99717C3D96400A8BA84 /* UIControl+NUI.m in Sources */ = {isa = PBXBuildFile; fileRef = F490B94F17C3D96400A8BA84 /* UIControl+NUI.m */; };
		F490B99817C3D96400A8BA84 /* UILabel+NUI.m in Sources */ = {isa = PBXBuildFile; fileRef = F490B95117C3D96400A8BA84 /* UILabel+NUI.m */; };
		F490B99917C3D96400A8BA84 /* UINavigationBar+NUI.m in Sources */ = {isa = PBXBuildFile; fileRef = F490B95317C3D96400A8BA84 /* UINavigationBar+NUI.m */; };
		F490B99A17C3D96400A8BA84 /* UINavigationItem+NUI.m in Sources */ = {isa = PBXBuildFile; fileRef = F490B95517C3D96400A8BA84 /* UINavigationItem+NUI.m */; };
		F490B99B17C3D96400A8BA84 /* UIProgressView+NUI.m in Sources */ = {isa = PBXBuildFile; fileRef = F490B95717C3D96400A8BA84 /* UIProgressView+NUI.m */; };
		F490B99C17C3D96400A8BA84 /* UISearchBar+NUI.m in Sources */ = {isa = PBXBuildFile; fileRef = F490B95917C3D96400A8BA84 /* UISearchBar+NUI.m */; };
		F490B99D17C3D96400A8BA84 /* UISegmentedControl+NUI.m in Sources */ = {isa = PBXBuildFile; fileRef = F490B95B17C3D96400A8BA84 /* UISegmentedControl+NUI.m */; };
		F490B99E17C3D96400A8BA84 /* UISlider+NUI.m in Sources */ = {isa = PBXBuildFile; fileRef = F490B95D17C3D96400A8BA84 /* UISlider+NUI.m */; };
		F490B99F17C3D96400A8BA84 /* UISwitch+NUI.m in Sources */ = {isa = PBXBuildFile; fileRef = F490B95F17C3D96400A8BA84 /* UISwitch+NUI.m */; };
		F490B9A017C3D96400A8BA84 /* UITabBar+NUI.m in Sources */ = {isa = PBXBuildFile; fileRef = F490B96117C3D96400A8BA84 /* UITabBar+NUI.m */; };
		F490B9A117C3D96400A8BA84 /* UITabBarItem+NUI.m in Sources */ = {isa = PBXBuildFile; fileRef = F490B96317C3D96400A8BA84 /* UITabBarItem+NUI.m */; };
		F490B9A217C3D96400A8BA84 /* UITableView+NUI.m in Sources */ = {isa = PBXBuildFile; fileRef = F490B96517C3D96400A8BA84 /* UITableView+NUI.m */; };
		F490B9A317C3D96400A8BA84 /* UITableViewCell+NUI.m in Sources */ = {isa = PBXBuildFile; fileRef = F490B96717C3D96400A8BA84 /* UITableViewCell+NUI.m */; };
		F490B9A417C3D96400A8BA84 /* UITextField+NUI.m in Sources */ = {isa = PBXBuildFile; fileRef = F490B96917C3D96400A8BA84 /* UITextField+NUI.m */; };
		F490B9A517C3D96400A8BA84 /* UIToolbar+NUI.m in Sources */ = {isa = PBXBuildFile; fileRef = F490B96B17C3D96400A8BA84 /* UIToolbar+NUI.m */; };
		F490B9A617C3D96400A8BA84 /* UIView+NUI.m in Sources */ = {isa = PBXBuildFile; fileRef = F490B96D17C3D96400A8BA84 /* UIView+NUI.m */; };
		F490B9A717C3D96400A8BA84 /* UIWindow+NUI.m in Sources */ = {isa = PBXBuildFile; fileRef = F490B96F17C3D96400A8BA84 /* UIWindow+NUI.m */; };
/* End PBXBuildFile section */

/* Begin PBXContainerItemProxy section */
		F490B8EC17C3D85A00A8BA84 /* PBXContainerItemProxy */ = {
			isa = PBXContainerItemProxy;
			containerPortal = F490B8B617C3D85900A8BA84 /* Project object */;
			proxyType = 1;
			remoteGlobalIDString = F490B8BD17C3D85900A8BA84;
			remoteInfo = iFan;
		};
/* End PBXContainerItemProxy section */

/* Begin PBXFileReference section */
		F490B8BE17C3D85900A8BA84 /* iFan.app */ = {isa = PBXFileReference; explicitFileType = wrapper.application; includeInIndex = 0; path = iFan.app; sourceTree = BUILT_PRODUCTS_DIR; };
		F490B8C117C3D85900A8BA84 /* UIKit.framework */ = {isa = PBXFileReference; lastKnownFileType = wrapper.framework; name = UIKit.framework; path = System/Library/Frameworks/UIKit.framework; sourceTree = SDKROOT; };
		F490B8C317C3D85900A8BA84 /* Foundation.framework */ = {isa = PBXFileReference; lastKnownFileType = wrapper.framework; name = Foundation.framework; path = System/Library/Frameworks/Foundation.framework; sourceTree = SDKROOT; };
		F490B8C517C3D85900A8BA84 /* CoreGraphics.framework */ = {isa = PBXFileReference; lastKnownFileType = wrapper.framework; name = CoreGraphics.framework; path = System/Library/Frameworks/CoreGraphics.framework; sourceTree = SDKROOT; };
		F490B8C917C3D85900A8BA84 /* iFan-Info.plist */ = {isa = PBXFileReference; lastKnownFileType = text.plist.xml; path = "iFan-Info.plist"; sourceTree = "<group>"; };
		F490B8CB17C3D85900A8BA84 /* en */ = {isa = PBXFileReference; lastKnownFileType = text.plist.strings; name = en; path = en.lproj/InfoPlist.strings; sourceTree = "<group>"; };
		F490B8CD17C3D85900A8BA84 /* main.m */ = {isa = PBXFileReference; lastKnownFileType = sourcecode.c.objc; path = main.m; sourceTree = "<group>"; };
		F490B8CF17C3D85900A8BA84 /* iFan-Prefix.pch */ = {isa = PBXFileReference; lastKnownFileType = sourcecode.c.h; path = "iFan-Prefix.pch"; sourceTree = "<group>"; };
		F490B8D017C3D85900A8BA84 /* FanAppDelegate.h */ = {isa = PBXFileReference; lastKnownFileType = sourcecode.c.h; path = FanAppDelegate.h; sourceTree = "<group>"; };
		F490B8D117C3D85900A8BA84 /* FanAppDelegate.m */ = {isa = PBXFileReference; lastKnownFileType = sourcecode.c.objc; path = FanAppDelegate.m; sourceTree = "<group>"; };
		F490B8D317C3D85900A8BA84 /* Default.png */ = {isa = PBXFileReference; lastKnownFileType = image.png; path = Default.png; sourceTree = "<group>"; };
		F490B8D517C3D85A00A8BA84 /* Default@2x.png */ = {isa = PBXFileReference; lastKnownFileType = image.png; path = "Default@2x.png"; sourceTree = "<group>"; };
		F490B8D717C3D85A00A8BA84 /* Default-568h@2x.png */ = {isa = PBXFileReference; lastKnownFileType = image.png; path = "Default-568h@2x.png"; sourceTree = "<group>"; };
		F490B8DA17C3D85A00A8BA84 /* en */ = {isa = PBXFileReference; lastKnownFileType = file.storyboard; name = en; path = en.lproj/MainStoryboard_iPhone.storyboard; sourceTree = "<group>"; };
		F490B8DD17C3D85A00A8BA84 /* en */ = {isa = PBXFileReference; lastKnownFileType = file.storyboard; name = en; path = en.lproj/MainStoryboard_iPad.storyboard; sourceTree = "<group>"; };
		F490B8DF17C3D85A00A8BA84 /* FanViewController.h */ = {isa = PBXFileReference; lastKnownFileType = sourcecode.c.h; path = FanViewController.h; sourceTree = "<group>"; };
		F490B8E017C3D85A00A8BA84 /* FanViewController.m */ = {isa = PBXFileReference; lastKnownFileType = sourcecode.c.objc; path = FanViewController.m; sourceTree = "<group>"; };
		F490B8E717C3D85A00A8BA84 /* iFanTests.octest */ = {isa = PBXFileReference; explicitFileType = wrapper.cfbundle; includeInIndex = 0; path = iFanTests.octest; sourceTree = BUILT_PRODUCTS_DIR; };
		F490B8E817C3D85A00A8BA84 /* SenTestingKit.framework */ = {isa = PBXFileReference; lastKnownFileType = wrapper.framework; name = SenTestingKit.framework; path = Library/Frameworks/SenTestingKit.framework; sourceTree = DEVELOPER_DIR; };
		F490B8F017C3D85A00A8BA84 /* iFanTests-Info.plist */ = {isa = PBXFileReference; lastKnownFileType = text.plist.xml; path = "iFanTests-Info.plist"; sourceTree = "<group>"; };
		F490B8F217C3D85A00A8BA84 /* en */ = {isa = PBXFileReference; lastKnownFileType = text.plist.strings; name = en; path = en.lproj/InfoPlist.strings; sourceTree = "<group>"; };
		F490B8F417C3D85A00A8BA84 /* iFanTests.h */ = {isa = PBXFileReference; lastKnownFileType = sourcecode.c.h; path = iFanTests.h; sourceTree = "<group>"; };
		F490B8F517C3D85A00A8BA84 /* iFanTests.m */ = {isa = PBXFileReference; lastKnownFileType = sourcecode.c.objc; path = iFanTests.m; sourceTree = "<group>"; };
		F490B8FF17C3D86500A8BA84 /* QuartzCore.framework */ = {isa = PBXFileReference; lastKnownFileType = wrapper.framework; name = QuartzCore.framework; path = System/Library/Frameworks/QuartzCore.framework; sourceTree = SDKROOT; };
		F490B90117C3D86A00A8BA84 /* CoreImage.framework */ = {isa = PBXFileReference; lastKnownFileType = wrapper.framework; name = CoreImage.framework; path = System/Library/Frameworks/CoreImage.framework; sourceTree = SDKROOT; };
		F490B90517C3D96400A8BA84 /* NUIAppearance.h */ = {isa = PBXFileReference; fileEncoding = 4; lastKnownFileType = sourcecode.c.h; path = NUIAppearance.h; sourceTree = "<group>"; };
		F490B90617C3D96400A8BA84 /* NUIAppearance.m */ = {isa = PBXFileReference; fileEncoding = 4; lastKnownFileType = sourcecode.c.objc; path = NUIAppearance.m; sourceTree = "<group>"; };
		F490B90717C3D96400A8BA84 /* NUIConverter.h */ = {isa = PBXFileReference; fileEncoding = 4; lastKnownFileType = sourcecode.c.h; path = NUIConverter.h; sourceTree = "<group>"; };
		F490B90817C3D96400A8BA84 /* NUIConverter.m */ = {isa = PBXFileReference; fileEncoding = 4; lastKnownFileType = sourcecode.c.objc; path = NUIConverter.m; sourceTree = "<group>"; };
		F490B90917C3D96400A8BA84 /* NUIFileMonitor.h */ = {isa = PBXFileReference; fileEncoding = 4; lastKnownFileType = sourcecode.c.h; path = NUIFileMonitor.h; sourceTree = "<group>"; };
		F490B90A17C3D96400A8BA84 /* NUIFileMonitor.m */ = {isa = PBXFileReference; fileEncoding = 4; lastKnownFileType = sourcecode.c.objc; path = NUIFileMonitor.m; sourceTree = "<group>"; };
		F490B90B17C3D96400A8BA84 /* NUIGraphics.h */ = {isa = PBXFileReference; fileEncoding = 4; lastKnownFileType = sourcecode.c.h; path = NUIGraphics.h; sourceTree = "<group>"; };
		F490B90C17C3D96400A8BA84 /* NUIGraphics.m */ = {isa = PBXFileReference; fileEncoding = 4; lastKnownFileType = sourcecode.c.objc; path = NUIGraphics.m; sourceTree = "<group>"; };
		F490B90D17C3D96400A8BA84 /* NUIRenderer.h */ = {isa = PBXFileReference; fileEncoding = 4; lastKnownFileType = sourcecode.c.h; path = NUIRenderer.h; sourceTree = "<group>"; };
		F490B90E17C3D96400A8BA84 /* NUIRenderer.m */ = {isa = PBXFileReference; fileEncoding = 4; lastKnownFileType = sourcecode.c.objc; path = NUIRenderer.m; sourceTree = "<group>"; };
		F490B90F17C3D96400A8BA84 /* NUISettings.h */ = {isa = PBXFileReference; fileEncoding = 4; lastKnownFileType = sourcecode.c.h; path = NUISettings.h; sourceTree = "<group>"; };
		F490B91017C3D96400A8BA84 /* NUISettings.m */ = {isa = PBXFileReference; fileEncoding = 4; lastKnownFileType = sourcecode.c.objc; path = NUISettings.m; sourceTree = "<group>"; };
		F490B91117C3D96400A8BA84 /* NUIStyleParser.h */ = {isa = PBXFileReference; fileEncoding = 4; lastKnownFileType = sourcecode.c.h; path = NUIStyleParser.h; sourceTree = "<group>"; };
		F490B91217C3D96400A8BA84 /* NUIStyleParser.m */ = {isa = PBXFileReference; fileEncoding = 4; lastKnownFileType = sourcecode.c.objc; path = NUIStyleParser.m; sourceTree = "<group>"; };
		F490B91317C3D96400A8BA84 /* NUISwizzler.h */ = {isa = PBXFileReference; fileEncoding = 4; lastKnownFileType = sourcecode.c.h; path = NUISwizzler.h; sourceTree = "<group>"; };
		F490B91417C3D96400A8BA84 /* NUISwizzler.m */ = {isa = PBXFileReference; fileEncoding = 4; lastKnownFileType = sourcecode.c.objc; path = NUISwizzler.m; sourceTree = "<group>"; };
		F490B91517C3D96400A8BA84 /* NUIUtilities.h */ = {isa = PBXFileReference; fileEncoding = 4; lastKnownFileType = sourcecode.c.h; path = NUIUtilities.h; sourceTree = "<group>"; };
		F490B91617C3D96400A8BA84 /* NUIUtilities.m */ = {isa = PBXFileReference; fileEncoding = 4; lastKnownFileType = sourcecode.c.objc; path = NUIUtilities.m; sourceTree = "<group>"; };
		F490B91817C3D96400A8BA84 /* NUIBarButtonItemRenderer.h */ = {isa = PBXFileReference; fileEncoding = 4; lastKnownFileType = sourcecode.c.h; path = NUIBarButtonItemRenderer.h; sourceTree = "<group>"; };
		F490B91917C3D96400A8BA84 /* NUIBarButtonItemRenderer.m */ = {isa = PBXFileReference; fileEncoding = 4; lastKnownFileType = sourcecode.c.objc; path = NUIBarButtonItemRenderer.m; sourceTree = "<group>"; };
		F490B91A17C3D96400A8BA84 /* NUIButtonRenderer.h */ = {isa = PBXFileReference; fileEncoding = 4; lastKnownFileType = sourcecode.c.h; path = NUIButtonRenderer.h; sourceTree = "<group>"; };
		F490B91B17C3D96400A8BA84 /* NUIButtonRenderer.m */ = {isa = PBXFileReference; fileEncoding = 4; lastKnownFileType = sourcecode.c.objc; path = NUIButtonRenderer.m; sourceTree = "<group>"; };
		F490B91C17C3D96400A8BA84 /* NUIControlRenderer.h */ = {isa = PBXFileReference; fileEncoding = 4; lastKnownFileType = sourcecode.c.h; path = NUIControlRenderer.h; sourceTree = "<group>"; };
		F490B91D17C3D96400A8BA84 /* NUIControlRenderer.m */ = {isa = PBXFileReference; fileEncoding = 4; lastKnownFileType = sourcecode.c.objc; path = NUIControlRenderer.m; sourceTree = "<group>"; };
		F490B91E17C3D96400A8BA84 /* NUILabelRenderer.h */ = {isa = PBXFileReference; fileEncoding = 4; lastKnownFileType = sourcecode.c.h; path = NUILabelRenderer.h; sourceTree = "<group>"; };
		F490B91F17C3D96400A8BA84 /* NUILabelRenderer.m */ = {isa = PBXFileReference; fileEncoding = 4; lastKnownFileType = sourcecode.c.objc; path = NUILabelRenderer.m; sourceTree = "<group>"; };
		F490B92017C3D96400A8BA84 /* NUINavigationBarRenderer.h */ = {isa = PBXFileReference; fileEncoding = 4; lastKnownFileType = sourcecode.c.h; path = NUINavigationBarRenderer.h; sourceTree = "<group>"; };
		F490B92117C3D96400A8BA84 /* NUINavigationBarRenderer.m */ = {isa = PBXFileReference; fileEncoding = 4; lastKnownFileType = sourcecode.c.objc; path = NUINavigationBarRenderer.m; sourceTree = "<group>"; };
		F490B92217C3D96400A8BA84 /* NUINavigationItemRenderer.h */ = {isa = PBXFileReference; fileEncoding = 4; lastKnownFileType = sourcecode.c.h; path = NUINavigationItemRenderer.h; sourceTree = "<group>"; };
		F490B92317C3D96400A8BA84 /* NUINavigationItemRenderer.m */ = {isa = PBXFileReference; fileEncoding = 4; lastKnownFileType = sourcecode.c.objc; path = NUINavigationItemRenderer.m; sourceTree = "<group>"; };
		F490B92417C3D96400A8BA84 /* NUIProgressViewRenderer.h */ = {isa = PBXFileReference; fileEncoding = 4; lastKnownFileType = sourcecode.c.h; path = NUIProgressViewRenderer.h; sourceTree = "<group>"; };
		F490B92517C3D96400A8BA84 /* NUIProgressViewRenderer.m */ = {isa = PBXFileReference; fileEncoding = 4; lastKnownFileType = sourcecode.c.objc; path = NUIProgressViewRenderer.m; sourceTree = "<group>"; };
		F490B92617C3D96400A8BA84 /* NUISearchBarRenderer.h */ = {isa = PBXFileReference; fileEncoding = 4; lastKnownFileType = sourcecode.c.h; path = NUISearchBarRenderer.h; sourceTree = "<group>"; };
		F490B92717C3D96400A8BA84 /* NUISearchBarRenderer.m */ = {isa = PBXFileReference; fileEncoding = 4; lastKnownFileType = sourcecode.c.objc; path = NUISearchBarRenderer.m; sourceTree = "<group>"; };
		F490B92817C3D96400A8BA84 /* NUISegmentedControlRenderer.h */ = {isa = PBXFileReference; fileEncoding = 4; lastKnownFileType = sourcecode.c.h; path = NUISegmentedControlRenderer.h; sourceTree = "<group>"; };
		F490B92917C3D96400A8BA84 /* NUISegmentedControlRenderer.m */ = {isa = PBXFileReference; fileEncoding = 4; lastKnownFileType = sourcecode.c.objc; path = NUISegmentedControlRenderer.m; sourceTree = "<group>"; };
		F490B92A17C3D96400A8BA84 /* NUISliderRenderer.h */ = {isa = PBXFileReference; fileEncoding = 4; lastKnownFileType = sourcecode.c.h; path = NUISliderRenderer.h; sourceTree = "<group>"; };
		F490B92B17C3D96400A8BA84 /* NUISliderRenderer.m */ = {isa = PBXFileReference; fileEncoding = 4; lastKnownFileType = sourcecode.c.objc; path = NUISliderRenderer.m; sourceTree = "<group>"; };
		F490B92C17C3D96400A8BA84 /* NUISwitchRenderer.h */ = {isa = PBXFileReference; fileEncoding = 4; lastKnownFileType = sourcecode.c.h; path = NUISwitchRenderer.h; sourceTree = "<group>"; };
		F490B92D17C3D96400A8BA84 /* NUISwitchRenderer.m */ = {isa = PBXFileReference; fileEncoding = 4; lastKnownFileType = sourcecode.c.objc; path = NUISwitchRenderer.m; sourceTree = "<group>"; };
		F490B92E17C3D96400A8BA84 /* NUITabBarItemRenderer.h */ = {isa = PBXFileReference; fileEncoding = 4; lastKnownFileType = sourcecode.c.h; path = NUITabBarItemRenderer.h; sourceTree = "<group>"; };
		F490B92F17C3D96400A8BA84 /* NUITabBarItemRenderer.m */ = {isa = PBXFileReference; fileEncoding = 4; lastKnownFileType = sourcecode.c.objc; path = NUITabBarItemRenderer.m; sourceTree = "<group>"; };
		F490B93017C3D96400A8BA84 /* NUITabBarRenderer.h */ = {isa = PBXFileReference; fileEncoding = 4; lastKnownFileType = sourcecode.c.h; path = NUITabBarRenderer.h; sourceTree = "<group>"; };
		F490B93117C3D96400A8BA84 /* NUITabBarRenderer.m */ = {isa = PBXFileReference; fileEncoding = 4; lastKnownFileType = sourcecode.c.objc; path = NUITabBarRenderer.m; sourceTree = "<group>"; };
		F490B93217C3D96400A8BA84 /* NUITableViewCellRenderer.h */ = {isa = PBXFileReference; fileEncoding = 4; lastKnownFileType = sourcecode.c.h; path = NUITableViewCellRenderer.h; sourceTree = "<group>"; };
		F490B93317C3D96400A8BA84 /* NUITableViewCellRenderer.m */ = {isa = PBXFileReference; fileEncoding = 4; lastKnownFileType = sourcecode.c.objc; path = NUITableViewCellRenderer.m; sourceTree = "<group>"; };
		F490B93417C3D96400A8BA84 /* NUITableViewRenderer.h */ = {isa = PBXFileReference; fileEncoding = 4; lastKnownFileType = sourcecode.c.h; path = NUITableViewRenderer.h; sourceTree = "<group>"; };
		F490B93517C3D96400A8BA84 /* NUITableViewRenderer.m */ = {isa = PBXFileReference; fileEncoding = 4; lastKnownFileType = sourcecode.c.objc; path = NUITableViewRenderer.m; sourceTree = "<group>"; };
		F490B93617C3D96400A8BA84 /* NUITextFieldRenderer.h */ = {isa = PBXFileReference; fileEncoding = 4; lastKnownFileType = sourcecode.c.h; path = NUITextFieldRenderer.h; sourceTree = "<group>"; };
		F490B93717C3D96400A8BA84 /* NUITextFieldRenderer.m */ = {isa = PBXFileReference; fileEncoding = 4; lastKnownFileType = sourcecode.c.objc; path = NUITextFieldRenderer.m; sourceTree = "<group>"; };
		F490B93817C3D96400A8BA84 /* NUIToolbarRenderer.h */ = {isa = PBXFileReference; fileEncoding = 4; lastKnownFileType = sourcecode.c.h; path = NUIToolbarRenderer.h; sourceTree = "<group>"; };
		F490B93917C3D96400A8BA84 /* NUIToolbarRenderer.m */ = {isa = PBXFileReference; fileEncoding = 4; lastKnownFileType = sourcecode.c.objc; path = NUIToolbarRenderer.m; sourceTree = "<group>"; };
		F490B93A17C3D96400A8BA84 /* NUIViewRenderer.h */ = {isa = PBXFileReference; fileEncoding = 4; lastKnownFileType = sourcecode.c.h; path = NUIViewRenderer.h; sourceTree = "<group>"; };
		F490B93B17C3D96400A8BA84 /* NUIViewRenderer.m */ = {isa = PBXFileReference; fileEncoding = 4; lastKnownFileType = sourcecode.c.objc; path = NUIViewRenderer.m; sourceTree = "<group>"; };
		F490B93C17C3D96400A8BA84 /* NUIWindowRenderer.h */ = {isa = PBXFileReference; fileEncoding = 4; lastKnownFileType = sourcecode.c.h; path = NUIWindowRenderer.h; sourceTree = "<group>"; };
		F490B93D17C3D96400A8BA84 /* NUIWindowRenderer.m */ = {isa = PBXFileReference; fileEncoding = 4; lastKnownFileType = sourcecode.c.objc; path = NUIWindowRenderer.m; sourceTree = "<group>"; };
		F490B93E17C3D96400A8BA84 /* NUIStyle.nss */ = {isa = PBXFileReference; fileEncoding = 4; lastKnownFileType = text; path = NUIStyle.nss; sourceTree = "<group>"; };
		F490B94017C3D96400A8BA84 /* NUIViewBackground.png */ = {isa = PBXFileReference; lastKnownFileType = image.png; path = NUIViewBackground.png; sourceTree = "<group>"; };
		F490B94217C3D96400A8BA84 /* Blue.NUI.nss */ = {isa = PBXFileReference; fileEncoding = 4; lastKnownFileType = text; path = Blue.NUI.nss; sourceTree = "<group>"; };
		F490B94317C3D96400A8BA84 /* Default.NUI.nss */ = {isa = PBXFileReference; fileEncoding = 4; lastKnownFileType = text; path = Default.NUI.nss; sourceTree = "<group>"; };
		F490B94417C3D96400A8BA84 /* Googolplex.NUI.nss */ = {isa = PBXFileReference; fileEncoding = 4; lastKnownFileType = text; path = Googolplex.NUI.nss; sourceTree = "<group>"; };
		F490B94517C3D96400A8BA84 /* Round.NUI.nss */ = {isa = PBXFileReference; fileEncoding = 4; lastKnownFileType = text; path = Round.NUI.nss; sourceTree = "<group>"; };
		F490B94617C3D96400A8BA84 /* Route.NUI.nss */ = {isa = PBXFileReference; fileEncoding = 4; lastKnownFileType = text; path = Route.NUI.nss; sourceTree = "<group>"; };
		F490B94717C3D96400A8BA84 /* SkyBlue.NUI.nss */ = {isa = PBXFileReference; fileEncoding = 4; lastKnownFileType = text; path = SkyBlue.NUI.nss; sourceTree = "<group>"; };
		F490B94817C3D96400A8BA84 /* Switchboard.NUI.nss */ = {isa = PBXFileReference; fileEncoding = 4; lastKnownFileType = text; path = Switchboard.NUI.nss; sourceTree = "<group>"; };
		F490B94A17C3D96400A8BA84 /* UIBarButtonItem+NUI.h */ = {isa = PBXFileReference; fileEncoding = 4; lastKnownFileType = sourcecode.c.h; path = "UIBarButtonItem+NUI.h"; sourceTree = "<group>"; };
		F490B94B17C3D96400A8BA84 /* UIBarButtonItem+NUI.m */ = {isa = PBXFileReference; fileEncoding = 4; lastKnownFileType = sourcecode.c.objc; path = "UIBarButtonItem+NUI.m"; sourceTree = "<group>"; };
		F490B94C17C3D96400A8BA84 /* UIButton+NUI.h */ = {isa = PBXFileReference; fileEncoding = 4; lastKnownFileType = sourcecode.c.h; path = "UIButton+NUI.h"; sourceTree = "<group>"; };
		F490B94D17C3D96400A8BA84 /* UIButton+NUI.m */ = {isa = PBXFileReference; fileEncoding = 4; lastKnownFileType = sourcecode.c.objc; path = "UIButton+NUI.m"; sourceTree = "<group>"; };
		F490B94E17C3D96400A8BA84 /* UIControl+NUI.h */ = {isa = PBXFileReference; fileEncoding = 4; lastKnownFileType = sourcecode.c.h; path = "UIControl+NUI.h"; sourceTree = "<group>"; };
		F490B94F17C3D96400A8BA84 /* UIControl+NUI.m */ = {isa = PBXFileReference; fileEncoding = 4; lastKnownFileType = sourcecode.c.objc; path = "UIControl+NUI.m"; sourceTree = "<group>"; };
		F490B95017C3D96400A8BA84 /* UILabel+NUI.h */ = {isa = PBXFileReference; fileEncoding = 4; lastKnownFileType = sourcecode.c.h; path = "UILabel+NUI.h"; sourceTree = "<group>"; };
		F490B95117C3D96400A8BA84 /* UILabel+NUI.m */ = {isa = PBXFileReference; fileEncoding = 4; lastKnownFileType = sourcecode.c.objc; path = "UILabel+NUI.m"; sourceTree = "<group>"; };
		F490B95217C3D96400A8BA84 /* UINavigationBar+NUI.h */ = {isa = PBXFileReference; fileEncoding = 4; lastKnownFileType = sourcecode.c.h; path = "UINavigationBar+NUI.h"; sourceTree = "<group>"; };
		F490B95317C3D96400A8BA84 /* UINavigationBar+NUI.m */ = {isa = PBXFileReference; fileEncoding = 4; lastKnownFileType = sourcecode.c.objc; path = "UINavigationBar+NUI.m"; sourceTree = "<group>"; };
		F490B95417C3D96400A8BA84 /* UINavigationItem+NUI.h */ = {isa = PBXFileReference; fileEncoding = 4; lastKnownFileType = sourcecode.c.h; path = "UINavigationItem+NUI.h"; sourceTree = "<group>"; };
		F490B95517C3D96400A8BA84 /* UINavigationItem+NUI.m */ = {isa = PBXFileReference; fileEncoding = 4; lastKnownFileType = sourcecode.c.objc; path = "UINavigationItem+NUI.m"; sourceTree = "<group>"; };
		F490B95617C3D96400A8BA84 /* UIProgressView+NUI.h */ = {isa = PBXFileReference; fileEncoding = 4; lastKnownFileType = sourcecode.c.h; path = "UIProgressView+NUI.h"; sourceTree = "<group>"; };
		F490B95717C3D96400A8BA84 /* UIProgressView+NUI.m */ = {isa = PBXFileReference; fileEncoding = 4; lastKnownFileType = sourcecode.c.objc; path = "UIProgressView+NUI.m"; sourceTree = "<group>"; };
		F490B95817C3D96400A8BA84 /* UISearchBar+NUI.h */ = {isa = PBXFileReference; fileEncoding = 4; lastKnownFileType = sourcecode.c.h; path = "UISearchBar+NUI.h"; sourceTree = "<group>"; };
		F490B95917C3D96400A8BA84 /* UISearchBar+NUI.m */ = {isa = PBXFileReference; fileEncoding = 4; lastKnownFileType = sourcecode.c.objc; path = "UISearchBar+NUI.m"; sourceTree = "<group>"; };
		F490B95A17C3D96400A8BA84 /* UISegmentedControl+NUI.h */ = {isa = PBXFileReference; fileEncoding = 4; lastKnownFileType = sourcecode.c.h; path = "UISegmentedControl+NUI.h"; sourceTree = "<group>"; };
		F490B95B17C3D96400A8BA84 /* UISegmentedControl+NUI.m */ = {isa = PBXFileReference; fileEncoding = 4; lastKnownFileType = sourcecode.c.objc; path = "UISegmentedControl+NUI.m"; sourceTree = "<group>"; };
		F490B95C17C3D96400A8BA84 /* UISlider+NUI.h */ = {isa = PBXFileReference; fileEncoding = 4; lastKnownFileType = sourcecode.c.h; path = "UISlider+NUI.h"; sourceTree = "<group>"; };
		F490B95D17C3D96400A8BA84 /* UISlider+NUI.m */ = {isa = PBXFileReference; fileEncoding = 4; lastKnownFileType = sourcecode.c.objc; path = "UISlider+NUI.m"; sourceTree = "<group>"; };
		F490B95E17C3D96400A8BA84 /* UISwitch+NUI.h */ = {isa = PBXFileReference; fileEncoding = 4; lastKnownFileType = sourcecode.c.h; path = "UISwitch+NUI.h"; sourceTree = "<group>"; };
		F490B95F17C3D96400A8BA84 /* UISwitch+NUI.m */ = {isa = PBXFileReference; fileEncoding = 4; lastKnownFileType = sourcecode.c.objc; path = "UISwitch+NUI.m"; sourceTree = "<group>"; };
		F490B96017C3D96400A8BA84 /* UITabBar+NUI.h */ = {isa = PBXFileReference; fileEncoding = 4; lastKnownFileType = sourcecode.c.h; path = "UITabBar+NUI.h"; sourceTree = "<group>"; };
		F490B96117C3D96400A8BA84 /* UITabBar+NUI.m */ = {isa = PBXFileReference; fileEncoding = 4; lastKnownFileType = sourcecode.c.objc; path = "UITabBar+NUI.m"; sourceTree = "<group>"; };
		F490B96217C3D96400A8BA84 /* UITabBarItem+NUI.h */ = {isa = PBXFileReference; fileEncoding = 4; lastKnownFileType = sourcecode.c.h; path = "UITabBarItem+NUI.h"; sourceTree = "<group>"; };
		F490B96317C3D96400A8BA84 /* UITabBarItem+NUI.m */ = {isa = PBXFileReference; fileEncoding = 4; lastKnownFileType = sourcecode.c.objc; path = "UITabBarItem+NUI.m"; sourceTree = "<group>"; };
		F490B96417C3D96400A8BA84 /* UITableView+NUI.h */ = {isa = PBXFileReference; fileEncoding = 4; lastKnownFileType = sourcecode.c.h; path = "UITableView+NUI.h"; sourceTree = "<group>"; };
		F490B96517C3D96400A8BA84 /* UITableView+NUI.m */ = {isa = PBXFileReference; fileEncoding = 4; lastKnownFileType = sourcecode.c.objc; path = "UITableView+NUI.m"; sourceTree = "<group>"; };
		F490B96617C3D96400A8BA84 /* UITableViewCell+NUI.h */ = {isa = PBXFileReference; fileEncoding = 4; lastKnownFileType = sourcecode.c.h; path = "UITableViewCell+NUI.h"; sourceTree = "<group>"; };
		F490B96717C3D96400A8BA84 /* UITableViewCell+NUI.m */ = {isa = PBXFileReference; fileEncoding = 4; lastKnownFileType = sourcecode.c.objc; path = "UITableViewCell+NUI.m"; sourceTree = "<group>"; };
		F490B96817C3D96400A8BA84 /* UITextField+NUI.h */ = {isa = PBXFileReference; fileEncoding = 4; lastKnownFileType = sourcecode.c.h; path = "UITextField+NUI.h"; sourceTree = "<group>"; };
		F490B96917C3D96400A8BA84 /* UITextField+NUI.m */ = {isa = PBXFileReference; fileEncoding = 4; lastKnownFileType = sourcecode.c.objc; path = "UITextField+NUI.m"; sourceTree = "<group>"; };
		F490B96A17C3D96400A8BA84 /* UIToolbar+NUI.h */ = {isa = PBXFileReference; fileEncoding = 4; lastKnownFileType = sourcecode.c.h; path = "UIToolbar+NUI.h"; sourceTree = "<group>"; };
		F490B96B17C3D96400A8BA84 /* UIToolbar+NUI.m */ = {isa = PBXFileReference; fileEncoding = 4; lastKnownFileType = sourcecode.c.objc; path = "UIToolbar+NUI.m"; sourceTree = "<group>"; };
		F490B96C17C3D96400A8BA84 /* UIView+NUI.h */ = {isa = PBXFileReference; fileEncoding = 4; lastKnownFileType = sourcecode.c.h; path = "UIView+NUI.h"; sourceTree = "<group>"; };
		F490B96D17C3D96400A8BA84 /* UIView+NUI.m */ = {isa = PBXFileReference; fileEncoding = 4; lastKnownFileType = sourcecode.c.objc; path = "UIView+NUI.m"; sourceTree = "<group>"; };
		F490B96E17C3D96400A8BA84 /* UIWindow+NUI.h */ = {isa = PBXFileReference; fileEncoding = 4; lastKnownFileType = sourcecode.c.h; path = "UIWindow+NUI.h"; sourceTree = "<group>"; };
		F490B96F17C3D96400A8BA84 /* UIWindow+NUI.m */ = {isa = PBXFileReference; fileEncoding = 4; lastKnownFileType = sourcecode.c.objc; path = "UIWindow+NUI.m"; sourceTree = "<group>"; };
/* End PBXFileReference section */

/* Begin PBXFrameworksBuildPhase section */
		F490B8BB17C3D85900A8BA84 /* Frameworks */ = {
			isa = PBXFrameworksBuildPhase;
			buildActionMask = 2147483647;
			files = (
				F490B90217C3D86A00A8BA84 /* CoreImage.framework in Frameworks */,
				F490B90017C3D86500A8BA84 /* QuartzCore.framework in Frameworks */,
				F490B8C217C3D85900A8BA84 /* UIKit.framework in Frameworks */,
				F490B8C417C3D85900A8BA84 /* Foundation.framework in Frameworks */,
				F490B8C617C3D85900A8BA84 /* CoreGraphics.framework in Frameworks */,
			);
			runOnlyForDeploymentPostprocessing = 0;
		};
		F490B8E317C3D85A00A8BA84 /* Frameworks */ = {
			isa = PBXFrameworksBuildPhase;
			buildActionMask = 2147483647;
			files = (
				F490B8E917C3D85A00A8BA84 /* SenTestingKit.framework in Frameworks */,
				F490B8EA17C3D85A00A8BA84 /* UIKit.framework in Frameworks */,
				F490B8EB17C3D85A00A8BA84 /* Foundation.framework in Frameworks */,
			);
			runOnlyForDeploymentPostprocessing = 0;
		};
/* End PBXFrameworksBuildPhase section */

/* Begin PBXGroup section */
		F490B8B517C3D85900A8BA84 = {
			isa = PBXGroup;
			children = (
				F490B90117C3D86A00A8BA84 /* CoreImage.framework */,
				F490B8FF17C3D86500A8BA84 /* QuartzCore.framework */,
				F490B8C717C3D85900A8BA84 /* iFan */,
				F490B8EE17C3D85A00A8BA84 /* iFanTests */,
				F490B8C017C3D85900A8BA84 /* Frameworks */,
				F490B8BF17C3D85900A8BA84 /* Products */,
			);
			sourceTree = "<group>";
		};
		F490B8BF17C3D85900A8BA84 /* Products */ = {
			isa = PBXGroup;
			children = (
				F490B8BE17C3D85900A8BA84 /* iFan.app */,
				F490B8E717C3D85A00A8BA84 /* iFanTests.octest */,
			);
			name = Products;
			sourceTree = "<group>";
		};
		F490B8C017C3D85900A8BA84 /* Frameworks */ = {
			isa = PBXGroup;
			children = (
				F490B8C117C3D85900A8BA84 /* UIKit.framework */,
				F490B8C317C3D85900A8BA84 /* Foundation.framework */,
				F490B8C517C3D85900A8BA84 /* CoreGraphics.framework */,
				F490B8E817C3D85A00A8BA84 /* SenTestingKit.framework */,
			);
			name = Frameworks;
			sourceTree = "<group>";
		};
		F490B8C717C3D85900A8BA84 /* iFan */ = {
			isa = PBXGroup;
			children = (
				F490B90317C3D96400A8BA84 /* NUI */,
				F490B8D017C3D85900A8BA84 /* FanAppDelegate.h */,
				F490B8D117C3D85900A8BA84 /* FanAppDelegate.m */,
				F490B8D917C3D85A00A8BA84 /* MainStoryboard_iPhone.storyboard */,
				F490B8DC17C3D85A00A8BA84 /* MainStoryboard_iPad.storyboard */,
				F490B8DF17C3D85A00A8BA84 /* FanViewController.h */,
				F490B8E017C3D85A00A8BA84 /* FanViewController.m */,
				F490B8C817C3D85900A8BA84 /* Supporting Files */,
			);
			path = iFan;
			sourceTree = "<group>";
		};
		F490B8C817C3D85900A8BA84 /* Supporting Files */ = {
			isa = PBXGroup;
			children = (
				F490B8C917C3D85900A8BA84 /* iFan-Info.plist */,
				F490B8CA17C3D85900A8BA84 /* InfoPlist.strings */,
				F490B8CD17C3D85900A8BA84 /* main.m */,
				F490B8CF17C3D85900A8BA84 /* iFan-Prefix.pch */,
				F490B8D317C3D85900A8BA84 /* Default.png */,
				F490B8D517C3D85A00A8BA84 /* Default@2x.png */,
				F490B8D717C3D85A00A8BA84 /* Default-568h@2x.png */,
			);
			name = "Supporting Files";
			sourceTree = "<group>";
		};
		F490B8EE17C3D85A00A8BA84 /* iFanTests */ = {
			isa = PBXGroup;
			children = (
				F490B8F417C3D85A00A8BA84 /* iFanTests.h */,
				F490B8F517C3D85A00A8BA84 /* iFanTests.m */,
				F490B8EF17C3D85A00A8BA84 /* Supporting Files */,
			);
			path = iFanTests;
			sourceTree = "<group>";
		};
		F490B8EF17C3D85A00A8BA84 /* Supporting Files */ = {
			isa = PBXGroup;
			children = (
				F490B8F017C3D85A00A8BA84 /* iFanTests-Info.plist */,
				F490B8F117C3D85A00A8BA84 /* InfoPlist.strings */,
			);
			name = "Supporting Files";
			sourceTree = "<group>";
		};
		F490B90317C3D96400A8BA84 /* NUI */ = {
			isa = PBXGroup;
			children = (
				F490B90417C3D96400A8BA84 /* Core */,
				F490B93E17C3D96400A8BA84 /* NUIStyle.nss */,
				F490B93F17C3D96400A8BA84 /* Resources */,
				F490B94117C3D96400A8BA84 /* Themes */,
				F490B94917C3D96400A8BA84 /* UI */,
			);
			name = NUI;
			path = "../../nui-master/NUI";
			sourceTree = "<group>";
		};
		F490B90417C3D96400A8BA84 /* Core */ = {
			isa = PBXGroup;
			children = (
				F490B90517C3D96400A8BA84 /* NUIAppearance.h */,
				F490B90617C3D96400A8BA84 /* NUIAppearance.m */,
				F490B90717C3D96400A8BA84 /* NUIConverter.h */,
				F490B90817C3D96400A8BA84 /* NUIConverter.m */,
				F490B90917C3D96400A8BA84 /* NUIFileMonitor.h */,
				F490B90A17C3D96400A8BA84 /* NUIFileMonitor.m */,
				F490B90B17C3D96400A8BA84 /* NUIGraphics.h */,
				F490B90C17C3D96400A8BA84 /* NUIGraphics.m */,
				F490B90D17C3D96400A8BA84 /* NUIRenderer.h */,
				F490B90E17C3D96400A8BA84 /* NUIRenderer.m */,
				F490B90F17C3D96400A8BA84 /* NUISettings.h */,
				F490B91017C3D96400A8BA84 /* NUISettings.m */,
				F490B91117C3D96400A8BA84 /* NUIStyleParser.h */,
				F490B91217C3D96400A8BA84 /* NUIStyleParser.m */,
				F490B91317C3D96400A8BA84 /* NUISwizzler.h */,
				F490B91417C3D96400A8BA84 /* NUISwizzler.m */,
				F490B91517C3D96400A8BA84 /* NUIUtilities.h */,
				F490B91617C3D96400A8BA84 /* NUIUtilities.m */,
				F490B91717C3D96400A8BA84 /* Renderers */,
			);
			path = Core;
			sourceTree = "<group>";
		};
		F490B91717C3D96400A8BA84 /* Renderers */ = {
			isa = PBXGroup;
			children = (
				F490B91817C3D96400A8BA84 /* NUIBarButtonItemRenderer.h */,
				F490B91917C3D96400A8BA84 /* NUIBarButtonItemRenderer.m */,
				F490B91A17C3D96400A8BA84 /* NUIButtonRenderer.h */,
				F490B91B17C3D96400A8BA84 /* NUIButtonRenderer.m */,
				F490B91C17C3D96400A8BA84 /* NUIControlRenderer.h */,
				F490B91D17C3D96400A8BA84 /* NUIControlRenderer.m */,
				F490B91E17C3D96400A8BA84 /* NUILabelRenderer.h */,
				F490B91F17C3D96400A8BA84 /* NUILabelRenderer.m */,
				F490B92017C3D96400A8BA84 /* NUINavigationBarRenderer.h */,
				F490B92117C3D96400A8BA84 /* NUINavigationBarRenderer.m */,
				F490B92217C3D96400A8BA84 /* NUINavigationItemRenderer.h */,
				F490B92317C3D96400A8BA84 /* NUINavigationItemRenderer.m */,
				F490B92417C3D96400A8BA84 /* NUIProgressViewRenderer.h */,
				F490B92517C3D96400A8BA84 /* NUIProgressViewRenderer.m */,
				F490B92617C3D96400A8BA84 /* NUISearchBarRenderer.h */,
				F490B92717C3D96400A8BA84 /* NUISearchBarRenderer.m */,
				F490B92817C3D96400A8BA84 /* NUISegmentedControlRenderer.h */,
				F490B92917C3D96400A8BA84 /* NUISegmentedControlRenderer.m */,
				F490B92A17C3D96400A8BA84 /* NUISliderRenderer.h */,
				F490B92B17C3D96400A8BA84 /* NUISliderRenderer.m */,
				F490B92C17C3D96400A8BA84 /* NUISwitchRenderer.h */,
				F490B92D17C3D96400A8BA84 /* NUISwitchRenderer.m */,
				F490B92E17C3D96400A8BA84 /* NUITabBarItemRenderer.h */,
				F490B92F17C3D96400A8BA84 /* NUITabBarItemRenderer.m */,
				F490B93017C3D96400A8BA84 /* NUITabBarRenderer.h */,
				F490B93117C3D96400A8BA84 /* NUITabBarRenderer.m */,
				F490B93217C3D96400A8BA84 /* NUITableViewCellRenderer.h */,
				F490B93317C3D96400A8BA84 /* NUITableViewCellRenderer.m */,
				F490B93417C3D96400A8BA84 /* NUITableViewRenderer.h */,
				F490B93517C3D96400A8BA84 /* NUITableViewRenderer.m */,
				F490B93617C3D96400A8BA84 /* NUITextFieldRenderer.h */,
				F490B93717C3D96400A8BA84 /* NUITextFieldRenderer.m */,
				F490B93817C3D96400A8BA84 /* NUIToolbarRenderer.h */,
				F490B93917C3D96400A8BA84 /* NUIToolbarRenderer.m */,
				F490B93A17C3D96400A8BA84 /* NUIViewRenderer.h */,
				F490B93B17C3D96400A8BA84 /* NUIViewRenderer.m */,
				F490B93C17C3D96400A8BA84 /* NUIWindowRenderer.h */,
				F490B93D17C3D96400A8BA84 /* NUIWindowRenderer.m */,
			);
			path = Renderers;
			sourceTree = "<group>";
		};
		F490B93F17C3D96400A8BA84 /* Resources */ = {
			isa = PBXGroup;
			children = (
				F490B94017C3D96400A8BA84 /* NUIViewBackground.png */,
			);
			path = Resources;
			sourceTree = "<group>";
		};
		F490B94117C3D96400A8BA84 /* Themes */ = {
			isa = PBXGroup;
			children = (
				F490B94217C3D96400A8BA84 /* Blue.NUI.nss */,
				F490B94317C3D96400A8BA84 /* Default.NUI.nss */,
				F490B94417C3D96400A8BA84 /* Googolplex.NUI.nss */,
				F490B94517C3D96400A8BA84 /* Round.NUI.nss */,
				F490B94617C3D96400A8BA84 /* Route.NUI.nss */,
				F490B94717C3D96400A8BA84 /* SkyBlue.NUI.nss */,
				F490B94817C3D96400A8BA84 /* Switchboard.NUI.nss */,
			);
			path = Themes;
			sourceTree = "<group>";
		};
		F490B94917C3D96400A8BA84 /* UI */ = {
			isa = PBXGroup;
			children = (
				F490B94A17C3D96400A8BA84 /* UIBarButtonItem+NUI.h */,
				F490B94B17C3D96400A8BA84 /* UIBarButtonItem+NUI.m */,
				F490B94C17C3D96400A8BA84 /* UIButton+NUI.h */,
				F490B94D17C3D96400A8BA84 /* UIButton+NUI.m */,
				F490B94E17C3D96400A8BA84 /* UIControl+NUI.h */,
				F490B94F17C3D96400A8BA84 /* UIControl+NUI.m */,
				F490B95017C3D96400A8BA84 /* UILabel+NUI.h */,
				F490B95117C3D96400A8BA84 /* UILabel+NUI.m */,
				F490B95217C3D96400A8BA84 /* UINavigationBar+NUI.h */,
				F490B95317C3D96400A8BA84 /* UINavigationBar+NUI.m */,
				F490B95417C3D96400A8BA84 /* UINavigationItem+NUI.h */,
				F490B95517C3D96400A8BA84 /* UINavigationItem+NUI.m */,
				F490B95617C3D96400A8BA84 /* UIProgressView+NUI.h */,
				F490B95717C3D96400A8BA84 /* UIProgressView+NUI.m */,
				F490B95817C3D96400A8BA84 /* UISearchBar+NUI.h */,
				F490B95917C3D96400A8BA84 /* UISearchBar+NUI.m */,
				F490B95A17C3D96400A8BA84 /* UISegmentedControl+NUI.h */,
				F490B95B17C3D96400A8BA84 /* UISegmentedControl+NUI.m */,
				F490B95C17C3D96400A8BA84 /* UISlider+NUI.h */,
				F490B95D17C3D96400A8BA84 /* UISlider+NUI.m */,
				F490B95E17C3D96400A8BA84 /* UISwitch+NUI.h */,
				F490B95F17C3D96400A8BA84 /* UISwitch+NUI.m */,
				F490B96017C3D96400A8BA84 /* UITabBar+NUI.h */,
				F490B96117C3D96400A8BA84 /* UITabBar+NUI.m */,
				F490B96217C3D96400A8BA84 /* UITabBarItem+NUI.h */,
				F490B96317C3D96400A8BA84 /* UITabBarItem+NUI.m */,
				F490B96417C3D96400A8BA84 /* UITableView+NUI.h */,
				F490B96517C3D96400A8BA84 /* UITableView+NUI.m */,
				F490B96617C3D96400A8BA84 /* UITableViewCell+NUI.h */,
				F490B96717C3D96400A8BA84 /* UITableViewCell+NUI.m */,
				F490B96817C3D96400A8BA84 /* UITextField+NUI.h */,
				F490B96917C3D96400A8BA84 /* UITextField+NUI.m */,
				F490B96A17C3D96400A8BA84 /* UIToolbar+NUI.h */,
				F490B96B17C3D96400A8BA84 /* UIToolbar+NUI.m */,
				F490B96C17C3D96400A8BA84 /* UIView+NUI.h */,
				F490B96D17C3D96400A8BA84 /* UIView+NUI.m */,
				F490B96E17C3D96400A8BA84 /* UIWindow+NUI.h */,
				F490B96F17C3D96400A8BA84 /* UIWindow+NUI.m */,
			);
			path = UI;
			sourceTree = "<group>";
		};
/* End PBXGroup section */

/* Begin PBXNativeTarget section */
		F490B8BD17C3D85900A8BA84 /* iFan */ = {
			isa = PBXNativeTarget;
			buildConfigurationList = F490B8F917C3D85A00A8BA84 /* Build configuration list for PBXNativeTarget "iFan" */;
			buildPhases = (
				F490B8BA17C3D85900A8BA84 /* Sources */,
				F490B8BB17C3D85900A8BA84 /* Frameworks */,
				F490B8BC17C3D85900A8BA84 /* Resources */,
			);
			buildRules = (
			);
			dependencies = (
			);
			name = iFan;
			productName = iFan;
			productReference = F490B8BE17C3D85900A8BA84 /* iFan.app */;
			productType = "com.apple.product-type.application";
		};
		F490B8E617C3D85A00A8BA84 /* iFanTests */ = {
			isa = PBXNativeTarget;
			buildConfigurationList = F490B8FC17C3D85A00A8BA84 /* Build configuration list for PBXNativeTarget "iFanTests" */;
			buildPhases = (
				F490B8E217C3D85A00A8BA84 /* Sources */,
				F490B8E317C3D85A00A8BA84 /* Frameworks */,
				F490B8E417C3D85A00A8BA84 /* Resources */,
				F490B8E517C3D85A00A8BA84 /* ShellScript */,
			);
			buildRules = (
			);
			dependencies = (
				F490B8ED17C3D85A00A8BA84 /* PBXTargetDependency */,
			);
			name = iFanTests;
			productName = iFanTests;
			productReference = F490B8E717C3D85A00A8BA84 /* iFanTests.octest */;
			productType = "com.apple.product-type.bundle";
		};
/* End PBXNativeTarget section */

/* Begin PBXProject section */
		F490B8B617C3D85900A8BA84 /* Project object */ = {
			isa = PBXProject;
			attributes = {
				CLASSPREFIX = Fan;
				LastUpgradeCheck = 0460;
				ORGANIZATIONNAME = "Arun Joseph";
			};
			buildConfigurationList = F490B8B917C3D85900A8BA84 /* Build configuration list for PBXProject "iFan" */;
			compatibilityVersion = "Xcode 3.2";
			developmentRegion = English;
			hasScannedForEncodings = 0;
			knownRegions = (
				en,
			);
			mainGroup = F490B8B517C3D85900A8BA84;
			productRefGroup = F490B8BF17C3D85900A8BA84 /* Products */;
			projectDirPath = "";
			projectRoot = "";
			targets = (
				F490B8BD17C3D85900A8BA84 /* iFan */,
				F490B8E617C3D85A00A8BA84 /* iFanTests */,
			);
		};
/* End PBXProject section */

/* Begin PBXResourcesBuildPhase section */
		F490B8BC17C3D85900A8BA84 /* Resources */ = {
			isa = PBXResourcesBuildPhase;
			buildActionMask = 2147483647;
			files = (
				F490B8CC17C3D85900A8BA84 /* InfoPlist.strings in Resources */,
				F490B8D417C3D85900A8BA84 /* Default.png in Resources */,
				F490B8D617C3D85A00A8BA84 /* Default@2x.png in Resources */,
				F490B8D817C3D85A00A8BA84 /* Default-568h@2x.png in Resources */,
				F490B8DB17C3D85A00A8BA84 /* MainStoryboard_iPhone.storyboard in Resources */,
				F490B8DE17C3D85A00A8BA84 /* MainStoryboard_iPad.storyboard in Resources */,
				F490B98C17C3D96400A8BA84 /* NUIStyle.nss in Resources */,
				F490B98D17C3D96400A8BA84 /* NUIViewBackground.png in Resources */,
				F490B98E17C3D96400A8BA84 /* Blue.NUI.nss in Resources */,
				F490B98F17C3D96400A8BA84 /* Default.NUI.nss in Resources */,
				F490B99017C3D96400A8BA84 /* Googolplex.NUI.nss in Resources */,
				F490B99117C3D96400A8BA84 /* Round.NUI.nss in Resources */,
				F490B99217C3D96400A8BA84 /* Route.NUI.nss in Resources */,
				F490B99317C3D96400A8BA84 /* SkyBlue.NUI.nss in Resources */,
				F490B99417C3D96400A8BA84 /* Switchboard.NUI.nss in Resources */,
			);
			runOnlyForDeploymentPostprocessing = 0;
		};
		F490B8E417C3D85A00A8BA84 /* Resources */ = {
			isa = PBXResourcesBuildPhase;
			buildActionMask = 2147483647;
			files = (
				F490B8F317C3D85A00A8BA84 /* InfoPlist.strings in Resources */,
			);
			runOnlyForDeploymentPostprocessing = 0;
		};
/* End PBXResourcesBuildPhase section */

/* Begin PBXShellScriptBuildPhase section */
		F490B8E517C3D85A00A8BA84 /* ShellScript */ = {
			isa = PBXShellScriptBuildPhase;
			buildActionMask = 2147483647;
			files = (
			);
			inputPaths = (
			);
			outputPaths = (
			);
			runOnlyForDeploymentPostprocessing = 0;
			shellPath = /bin/sh;
			shellScript = "# Run the unit tests in this test bundle.\n\"${SYSTEM_DEVELOPER_DIR}/Tools/RunUnitTests\"\n";
		};
/* End PBXShellScriptBuildPhase section */

/* Begin PBXSourcesBuildPhase section */
		F490B8BA17C3D85900A8BA84 /* Sources */ = {
			isa = PBXSourcesBuildPhase;
			buildActionMask = 2147483647;
			files = (
				F490B8CE17C3D85900A8BA84 /* main.m in Sources */,
				F490B8D217C3D85900A8BA84 /* FanAppDelegate.m in Sources */,
				F490B8E117C3D85A00A8BA84 /* FanViewController.m in Sources */,
				F490B97017C3D96400A8BA84 /* NUIAppearance.m in Sources */,
				F490B97117C3D96400A8BA84 /* NUIConverter.m in Sources */,
				F490B97217C3D96400A8BA84 /* NUIFileMonitor.m in Sources */,
				F490B97317C3D96400A8BA84 /* NUIGraphics.m in Sources */,
				F490B97417C3D96400A8BA84 /* NUIRenderer.m in Sources */,
				F490B97517C3D96400A8BA84 /* NUISettings.m in Sources */,
				F490B97617C3D96400A8BA84 /* NUIStyleParser.m in Sources */,
				F490B97717C3D96400A8BA84 /* NUISwizzler.m in Sources */,
				F490B97817C3D96400A8BA84 /* NUIUtilities.m in Sources */,
				F490B97917C3D96400A8BA84 /* NUIBarButtonItemRenderer.m in Sources */,
				F490B97A17C3D96400A8BA84 /* NUIButtonRenderer.m in Sources */,
				F490B97B17C3D96400A8BA84 /* NUIControlRenderer.m in Sources */,
				F490B97C17C3D96400A8BA84 /* NUILabelRenderer.m in Sources */,
				F490B97D17C3D96400A8BA84 /* NUINavigationBarRenderer.m in Sources */,
				F490B97E17C3D96400A8BA84 /* NUINavigationItemRenderer.m in Sources */,
				F490B97F17C3D96400A8BA84 /* NUIProgressViewRenderer.m in Sources */,
				F490B98017C3D96400A8BA84 /* NUISearchBarRenderer.m in Sources */,
				F490B98117C3D96400A8BA84 /* NUISegmentedControlRenderer.m in Sources */,
				F490B98217C3D96400A8BA84 /* NUISliderRenderer.m in Sources */,
				F490B98317C3D96400A8BA84 /* NUISwitchRenderer.m in Sources */,
				F490B98417C3D96400A8BA84 /* NUITabBarItemRenderer.m in Sources */,
				F490B98517C3D96400A8BA84 /* NUITabBarRenderer.m in Sources */,
				F490B98617C3D96400A8BA84 /* NUITableViewCellRenderer.m in Sources */,
				F490B98717C3D96400A8BA84 /* NUITableViewRenderer.m in Sources */,
				F490B98817C3D96400A8BA84 /* NUITextFieldRenderer.m in Sources */,
				F490B98917C3D96400A8BA84 /* NUIToolbarRenderer.m in Sources */,
				F490B98A17C3D96400A8BA84 /* NUIViewRenderer.m in Sources */,
				F490B98B17C3D96400A8BA84 /* NUIWindowRenderer.m in Sources */,
				F490B99517C3D96400A8BA84 /* UIBarButtonItem+NUI.m in Sources */,
				F490B99617C3D96400A8BA84 /* UIButton+NUI.m in Sources */,
				F490B99717C3D96400A8BA84 /* UIControl+NUI.m in Sources */,
				F490B99817C3D96400A8BA84 /* UILabel+NUI.m in Sources */,
				F490B99917C3D96400A8BA84 /* UINavigationBar+NUI.m in Sources */,
				F490B99A17C3D96400A8BA84 /* UINavigationItem+NUI.m in Sources */,
				F490B99B17C3D96400A8BA84 /* UIProgressView+NUI.m in Sources */,
				F490B99C17C3D96400A8BA84 /* UISearchBar+NUI.m in Sources */,
				F490B99D17C3D96400A8BA84 /* UISegmentedControl+NUI.m in Sources */,
				F490B99E17C3D96400A8BA84 /* UISlider+NUI.m in Sources */,
				F490B99F17C3D96400A8BA84 /* UISwitch+NUI.m in Sources */,
				F490B9A017C3D96400A8BA84 /* UITabBar+NUI.m in Sources */,
				F490B9A117C3D96400A8BA84 /* UITabBarItem+NUI.m in Sources */,
				F490B9A217C3D96400A8BA84 /* UITableView+NUI.m in Sources */,
				F490B9A317C3D96400A8BA84 /* UITableViewCell+NUI.m in Sources */,
				F490B9A417C3D96400A8BA84 /* UITextField+NUI.m in Sources */,
				F490B9A517C3D96400A8BA84 /* UIToolbar+NUI.m in Sources */,
				F490B9A617C3D96400A8BA84 /* UIView+NUI.m in Sources */,
				F490B9A717C3D96400A8BA84 /* UIWindow+NUI.m in Sources */,
			);
			runOnlyForDeploymentPostprocessing = 0;
		};
		F490B8E217C3D85A00A8BA84 /* Sources */ = {
			isa = PBXSourcesBuildPhase;
			buildActionMask = 2147483647;
			files = (
				F490B8F617C3D85A00A8BA84 /* iFanTests.m in Sources */,
			);
			runOnlyForDeploymentPostprocessing = 0;
		};
/* End PBXSourcesBuildPhase section */

/* Begin PBXTargetDependency section */
		F490B8ED17C3D85A00A8BA84 /* PBXTargetDependency */ = {
			isa = PBXTargetDependency;
			target = F490B8BD17C3D85900A8BA84 /* iFan */;
			targetProxy = F490B8EC17C3D85A00A8BA84 /* PBXContainerItemProxy */;
		};
/* End PBXTargetDependency section */

/* Begin PBXVariantGroup section */
		F490B8CA17C3D85900A8BA84 /* InfoPlist.strings */ = {
			isa = PBXVariantGroup;
			children = (
				F490B8CB17C3D85900A8BA84 /* en */,
			);
			name = InfoPlist.strings;
			sourceTree = "<group>";
		};
		F490B8D917C3D85A00A8BA84 /* MainStoryboard_iPhone.storyboard */ = {
			isa = PBXVariantGroup;
			children = (
				F490B8DA17C3D85A00A8BA84 /* en */,
			);
			name = MainStoryboard_iPhone.storyboard;
			sourceTree = "<group>";
		};
		F490B8DC17C3D85A00A8BA84 /* MainStoryboard_iPad.storyboard */ = {
			isa = PBXVariantGroup;
			children = (
				F490B8DD17C3D85A00A8BA84 /* en */,
			);
			name = MainStoryboard_iPad.storyboard;
			sourceTree = "<group>";
		};
		F490B8F117C3D85A00A8BA84 /* InfoPlist.strings */ = {
			isa = PBXVariantGroup;
			children = (
				F490B8F217C3D85A00A8BA84 /* en */,
			);
			name = InfoPlist.strings;
			sourceTree = "<group>";
		};
/* End PBXVariantGroup section */

/* Begin XCBuildConfiguration section */
		F490B8F717C3D85A00A8BA84 /* Debug */ = {
			isa = XCBuildConfiguration;
			buildSettings = {
				ALWAYS_SEARCH_USER_PATHS = NO;
				CLANG_CXX_LANGUAGE_STANDARD = "gnu++0x";
				CLANG_CXX_LIBRARY = "libc++";
				CLANG_ENABLE_OBJC_ARC = YES;
				CLANG_WARN_CONSTANT_CONVERSION = YES;
				CLANG_WARN_EMPTY_BODY = YES;
				CLANG_WARN_ENUM_CONVERSION = YES;
				CLANG_WARN_INT_CONVERSION = YES;
				CLANG_WARN__DUPLICATE_METHOD_MATCH = YES;
				"CODE_SIGN_IDENTITY[sdk=iphoneos*]" = "iPhone Developer";
				COPY_PHASE_STRIP = NO;
				GCC_C_LANGUAGE_STANDARD = gnu99;
				GCC_DYNAMIC_NO_PIC = NO;
				GCC_OPTIMIZATION_LEVEL = 0;
				GCC_PREPROCESSOR_DEFINITIONS = (
					"DEBUG=1",
					"$(inherited)",
				);
				GCC_SYMBOLS_PRIVATE_EXTERN = NO;
				GCC_WARN_ABOUT_RETURN_TYPE = YES;
				GCC_WARN_UNINITIALIZED_AUTOS = YES;
				GCC_WARN_UNUSED_VARIABLE = YES;
				IPHONEOS_DEPLOYMENT_TARGET = 6.1;
				ONLY_ACTIVE_ARCH = YES;
				SDKROOT = iphoneos;
				TARGETED_DEVICE_FAMILY = "1,2";
			};
			name = Debug;
		};
		F490B8F817C3D85A00A8BA84 /* Release */ = {
			isa = XCBuildConfiguration;
			buildSettings = {
				ALWAYS_SEARCH_USER_PATHS = NO;
				CLANG_CXX_LANGUAGE_STANDARD = "gnu++0x";
				CLANG_CXX_LIBRARY = "libc++";
				CLANG_ENABLE_OBJC_ARC = YES;
				CLANG_WARN_CONSTANT_CONVERSION = YES;
				CLANG_WARN_EMPTY_BODY = YES;
				CLANG_WARN_ENUM_CONVERSION = YES;
				CLANG_WARN_INT_CONVERSION = YES;
				CLANG_WARN__DUPLICATE_METHOD_MATCH = YES;
				"CODE_SIGN_IDENTITY[sdk=iphoneos*]" = "iPhone Developer";
				COPY_PHASE_STRIP = YES;
				GCC_C_LANGUAGE_STANDARD = gnu99;
				GCC_WARN_ABOUT_RETURN_TYPE = YES;
				GCC_WARN_UNINITIALIZED_AUTOS = YES;
				GCC_WARN_UNUSED_VARIABLE = YES;
				IPHONEOS_DEPLOYMENT_TARGET = 6.1;
				OTHER_CFLAGS = "-DNS_BLOCK_ASSERTIONS=1";
				SDKROOT = iphoneos;
				TARGETED_DEVICE_FAMILY = "1,2";
				VALIDATE_PRODUCT = YES;
			};
			name = Release;
		};
		F490B8FA17C3D85A00A8BA84 /* Debug */ = {
			isa = XCBuildConfiguration;
			buildSettings = {
				GCC_PRECOMPILE_PREFIX_HEADER = YES;
				GCC_PREFIX_HEADER = "iFan/iFan-Prefix.pch";
				INFOPLIST_FILE = "iFan/iFan-Info.plist";
				PRODUCT_NAME = "$(TARGET_NAME)";
				WRAPPER_EXTENSION = app;
			};
			name = Debug;
		};
		F490B8FB17C3D85A00A8BA84 /* Release */ = {
			isa = XCBuildConfiguration;
			buildSettings = {
				GCC_PRECOMPILE_PREFIX_HEADER = YES;
				GCC_PREFIX_HEADER = "iFan/iFan-Prefix.pch";
				INFOPLIST_FILE = "iFan/iFan-Info.plist";
				PRODUCT_NAME = "$(TARGET_NAME)";
				WRAPPER_EXTENSION = app;
			};
			name = Release;
		};
		F490B8FD17C3D85A00A8BA84 /* Debug */ = {
			isa = XCBuildConfiguration;
			buildSettings = {
				BUNDLE_LOADER = "$(BUILT_PRODUCTS_DIR)/iFan.app/iFan";
				FRAMEWORK_SEARCH_PATHS = (
					"\"$(SDKROOT)/Developer/Library/Frameworks\"",
					"\"$(DEVELOPER_LIBRARY_DIR)/Frameworks\"",
				);
				GCC_PRECOMPILE_PREFIX_HEADER = YES;
				GCC_PREFIX_HEADER = "iFan/iFan-Prefix.pch";
				INFOPLIST_FILE = "iFanTests/iFanTests-Info.plist";
				PRODUCT_NAME = "$(TARGET_NAME)";
				TEST_HOST = "$(BUNDLE_LOADER)";
				WRAPPER_EXTENSION = octest;
			};
			name = Debug;
		};
		F490B8FE17C3D85A00A8BA84 /* Release */ = {
			isa = XCBuildConfiguration;
			buildSettings = {
				BUNDLE_LOADER = "$(BUILT_PRODUCTS_DIR)/iFan.app/iFan";
				FRAMEWORK_SEARCH_PATHS = (
					"\"$(SDKROOT)/Developer/Library/Frameworks\"",
					"\"$(DEVELOPER_LIBRARY_DIR)/Frameworks\"",
				);
				GCC_PRECOMPILE_PREFIX_HEADER = YES;
				GCC_PREFIX_HEADER = "iFan/iFan-Prefix.pch";
				INFOPLIST_FILE = "iFanTests/iFanTests-Info.plist";
				PRODUCT_NAME = "$(TARGET_NAME)";
				TEST_HOST = "$(BUNDLE_LOADER)";
				WRAPPER_EXTENSION = octest;
			};
			name = Release;
		};
/* End XCBuildConfiguration section */

/* Begin XCConfigurationList section */
		F490B8B917C3D85900A8BA84 /* Build configuration list for PBXProject "iFan" */ = {
			isa = XCConfigurationList;
			buildConfigurations = (
				F490B8F717C3D85A00A8BA84 /* Debug */,
				F490B8F817C3D85A00A8BA84 /* Release */,
			);
			defaultConfigurationIsVisible = 0;
			defaultConfigurationName = Release;
		};
		F490B8F917C3D85A00A8BA84 /* Build configuration list for PBXNativeTarget "iFan" */ = {
			isa = XCConfigurationList;
			buildConfigurations = (
				F490B8FA17C3D85A00A8BA84 /* Debug */,
				F490B8FB17C3D85A00A8BA84 /* Release */,
			);
			defaultConfigurationIsVisible = 0;
			defaultConfigurationName = Release;
		};
		F490B8FC17C3D85A00A8BA84 /* Build configuration list for PBXNativeTarget "iFanTests" */ = {
			isa = XCConfigurationList;
			buildConfigurations = (
				F490B8FD17C3D85A00A8BA84 /* Debug */,
				F490B8FE17C3D85A00A8BA84 /* Release */,
			);
			defaultConfigurationIsVisible = 0;
			defaultConfigurationName = Release;
		};
/* End XCConfigurationList section */
	};
	rootObject = F490B8B617C3D85900A8BA84 /* Project object */;
}
